# This file is automatically @generated by Cargo.
# It is not intended for manual editing.
version = 3

[[package]]
name = "cc"
version = "1.0.79"
source = "registry+https://github.com/rust-lang/crates.io-index"
checksum = "50d30906286121d95be3d479533b458f87493b30a4b5f79a607db8f5d11aa91f"

[[package]]
name = "libc"
version = "0.2.144"
source = "registry+https://github.com/rust-lang/crates.io-index"
checksum = "2b00cc1c228a6782d0f076e7b232802e0c5689d41bb5df366f2a6b6621cfdfe1"

[[package]]
name = "libusb1-sys"
version = "0.6.4"
source = "registry+https://github.com/rust-lang/crates.io-index"
checksum = "f9d0e2afce4245f2c9a418511e5af8718bcaf2fa408aefb259504d1a9cb25f27"
dependencies = [
 "cc",
 "libc",
 "pkg-config",
 "vcpkg",
]

[[package]]
name = "pkg-config"
version = "0.3.27"
source = "registry+https://github.com/rust-lang/crates.io-index"
checksum = "26072860ba924cbfa98ea39c8c19b4dd6a4a25423dbdf219c1eca91aa0cf6964"

[[package]]
name = "rusb"
version = "0.9.2"
source = "registry+https://github.com/rust-lang/crates.io-index"
checksum = "44a8c36914f9b1a3be712c1dfa48c9b397131f9a75707e570a391735f785c5d1"
dependencies = [
 "libc",
 "libusb1-sys",
]

[[package]]
name = "uni-control"
version = "0.1.0"
dependencies = [
 "rusb",
]

[[package]]
name = "vcpkg"
version = "0.2.15"
source = "registry+https://github.com/rust-lang/crates.io-index"
checksum = "accd4ea62f7bb7a82fe23066fb0957d48ef677f6eeb8215f372f52e48bb32426"
